
Microsoft Visual Studio Solution File, Format Version 12.00
# Visual Studio Version 16
VisualStudioVersion = 16.0.31515.178
MinimumVisualStudioVersion = 10.0.40219.1
Project("{FAE04EC0-301F-11D3-BF4B-00C04F79EFBC}") = "backend", "backend\backend.csproj", "{8856EE8D-CB5D-4AC2-AB55-288E498DEBFE}"
EndProject
Global
	GlobalSection(SolutionConfigurationPlatforms) = preSolution
		Debug|Any CPU = Debug|Any CPU
		Release|Any CPU = Release|Any CPU
	EndGlobalSection
	GlobalSection(ProjectConfigurationPlatforms) = postSolution
		{8856EE8D-CB5D-4AC2-AB55-288E498DEBFE}.Debug|Any CPU.ActiveCfg = Debug|Any CPU
		{8856EE8D-CB5D-4AC2-AB55-288E498DEBFE}.Debug|Any CPU.Build.0 = Debug|Any CPU
		{8856EE8D-CB5D-4AC2-AB55-288E498DEBFE}.Release|Any CPU.ActiveCfg = Release|Any CPU
		{8856EE8D-CB5D-4AC2-AB55-288E498DEBFE}.Release|Any CPU.Build.0 = Release|Any CPU
	EndGlobalSection
	GlobalSection(SolutionProperties) = preSolution
		HideSolutionNode = FALSE
	EndGlobalSection
	GlobalSection(ExtensibilityGlobals) = postSolution
		SolutionGuid = {FA7BB876-0C69-448E-B3D8-1216FC5BB500}
	EndGlobalSection
EndGlobal
